{
  "name": "@acme/web",
  "lockfileVersion": 3,
  "packages": {
    "": {
      "name": "@acme/web",
      "version": "1.0.0",
      "dependencies": {
        "@scope/lib": "^2.3.0"
      },
      "devDependencies": {
        "vitest": "^1.0.0"
      }
    },
    "node_modules/@scope/lib": {
      "version": "2.3.4"
    },
    "node_modules/vitest": {
      "version": "1.0.1",
      "dev": true
    }
  }
}
